{
  "name": "usinghidocs",
  "version": "1.0.0",
  "lockfileVersion": 2,
  "requires": true,
  "packages": {
    "": {
      "name": "usinghidocs",
      "version": "1.0.0",
      "dependencies": {
        "hidocs": "^1.0.2",
        "typescript": "^4.8.4"
      }
    },
    "node_modules/hidocs": {
      "version": "1.0.2",
      "resolved": "https://registry.npmjs.org/hidocs/-/hidocs-1.0.2.tgz",
      "integrity": "sha512-QNqHDFIEAC65XnTyweTfHlBfTDoNwvpR830qrDTu1Q2gYfE0kmCh0dRB1HN4BDkRI3EuoQd/dSEWfvbS/smQ0Q==",
      "dependencies": {
        "typescript": "^4.8.4"
      }
    },
    "node_modules/typescript": {
      "version": "4.8.4",
      "resolved": "https://registry.npmjs.org/typescript/-/typescript-4.8.4.tgz",
      "integrity": "sha512-QCh+85mCy+h0IGff8r5XWzOVSbBO+KfeYrMQh7NJ58QujwcE22u+NUSmUxqF+un70P9GXKxa2HCNiTTMJknyjQ==",
      "bin": {
        "tsc": "bin/tsc",
        "tsserver": "bin/tsserver"
      },
      "engines": {
        "node": ">=4.2.0"
      }
    }
  },
  "dependencies": {
    "hidocs": {
      "version": "1.0.2",
      "resolved": "https://registry.npmjs.org/hidocs/-/hidocs-1.0.2.tgz",
      "integrity": "sha512-QNqHDFIEAC65XnTyweTfHlBfTDoNwvpR830qrDTu1Q2gYfE0kmCh0dRB1HN4BDkRI3EuoQd/dSEWfvbS/smQ0Q==",
      "requires": {
        "typescript": "^4.8.4"
      }
    },
    "typescript": {
      "version": "4.8.4",
      "resolved": "https://registry.npmjs.org/typescript/-/typescript-4.8.4.tgz",
      "integrity": "sha512-QCh+85mCy+h0IGff8r5XWzOVSbBO+KfeYrMQh7NJ58QujwcE22u+NUSmUxqF+un70P9GXKxa2HCNiTTMJknyjQ=="
    }
  }
}
