{
  "name": "usinghidocs",
  "version": "1.0.0",
  "lockfileVersion": 2,
  "requires": true,
  "packages": {
    "": {
      "name": "usinghidocs",
      "version": "1.0.0",
      "dependencies": {
        "hidocs": "^1.0.6",
        "typescript": "^5.0.0"
      }
    },
    "node_modules/hidocs": {
      "version": "1.0.6",
      "resolved": "https://registry.npmjs.org/hidocs/-/hidocs-1.0.6.tgz",
      "integrity": "sha512-cJuM2JIzOgcZd54O9ZwgkYJxBtfT4fFb4LW/0EEpgjPgWxHcCUjQ/gfP3GOKHvUivrBKafabW7sWt/IGZQzi0Q==",
      "dependencies": {
        "typescript": "^4.8.4"
      }
    },
    "node_modules/hidocs/node_modules/typescript": {
      "version": "4.9.5",
      "resolved": "https://registry.npmjs.org/typescript/-/typescript-4.9.5.tgz",
      "integrity": "sha512-1FXk9E2Hm+QzZQ7z+McJiHL4NW1F2EzMu9Nq9i3zAaGqibafqYwCVU6WyWAuyQRRzOlxou8xZSyXLEN8oKj24g==",
      "bin": {
        "tsc": "bin/tsc",
        "tsserver": "bin/tsserver"
      },
      "engines": {
        "node": ">=4.2.0"
      }
    },
    "node_modules/typescript": {
      "version": "5.0.2",
      "resolved": "https://registry.npmjs.org/typescript/-/typescript-5.0.2.tgz",
      "integrity": "sha512-wVORMBGO/FAs/++blGNeAVdbNKtIh1rbBL2EyQ1+J9lClJ93KiiKe8PmFIVdXhHcyv44SL9oglmfeSsndo0jRw==",
      "bin": {
        "tsc": "bin/tsc",
        "tsserver": "bin/tsserver"
      },
      "engines": {
        "node": ">=12.20"
      }
    }
  },
  "dependencies": {
    "hidocs": {
      "version": "1.0.6",
      "resolved": "https://registry.npmjs.org/hidocs/-/hidocs-1.0.6.tgz",
      "integrity": "sha512-cJuM2JIzOgcZd54O9ZwgkYJxBtfT4fFb4LW/0EEpgjPgWxHcCUjQ/gfP3GOKHvUivrBKafabW7sWt/IGZQzi0Q==",
      "requires": {
        "typescript": "^4.8.4"
      },
      "dependencies": {
        "typescript": {
          "version": "4.9.5",
          "resolved": "https://registry.npmjs.org/typescript/-/typescript-4.9.5.tgz",
          "integrity": "sha512-1FXk9E2Hm+QzZQ7z+McJiHL4NW1F2EzMu9Nq9i3zAaGqibafqYwCVU6WyWAuyQRRzOlxou8xZSyXLEN8oKj24g=="
        }
      }
    },
    "typescript": {
      "version": "5.0.2",
      "resolved": "https://registry.npmjs.org/typescript/-/typescript-5.0.2.tgz",
      "integrity": "sha512-wVORMBGO/FAs/++blGNeAVdbNKtIh1rbBL2EyQ1+J9lClJ93KiiKe8PmFIVdXhHcyv44SL9oglmfeSsndo0jRw=="
    }
  }
}
